
Microsoft Visual Studio Solution File, Format Version 12.00
# Visual Studio Version 17
VisualStudioVersion = 17.5.2.0
MinimumVisualStudioVersion = 10.0.40219.1
Project("{FAE04EC0-301F-11D3-BF4B-00C04F79EFBC}") = "aula01variáveisGL", "aula01variáveisGL.csproj", "{495D6E85-51DF-8136-B7E9-09296465D0ED}"
EndProject
Global
	GlobalSection(SolutionConfigurationPlatforms) = preSolution
		Debug|Any CPU = Debug|Any CPU
		Release|Any CPU = Release|Any CPU
	EndGlobalSection
	GlobalSection(ProjectConfigurationPlatforms) = postSolution
		{495D6E85-51DF-8136-B7E9-09296465D0ED}.Debug|Any CPU.ActiveCfg = Debug|Any CPU
		{495D6E85-51DF-8136-B7E9-09296465D0ED}.Debug|Any CPU.Build.0 = Debug|Any CPU
		{495D6E85-51DF-8136-B7E9-09296465D0ED}.Release|Any CPU.ActiveCfg = Release|Any CPU
		{495D6E85-51DF-8136-B7E9-09296465D0ED}.Release|Any CPU.Build.0 = Release|Any CPU
	EndGlobalSection
	GlobalSection(SolutionProperties) = preSolution
		HideSolutionNode = FALSE
	EndGlobalSection
	GlobalSection(ExtensibilityGlobals) = postSolution
		SolutionGuid = {FCAE71A3-CC97-445B-B112-BC2BA7F0FFD5}
	EndGlobalSection
EndGlobal
